
Microsoft Visual Studio Solution File, Format Version 12.00
# Visual Studio Version 17
VisualStudioVersion = 17.0.31903.59
MinimumVisualStudioVersion = 10.0.40219.1
Project("{2150E333-8FDC-42A3-9474-1A3956D46DE8}") = "src", "src", "{827E0CD3-B72D-47B6-A68D-7590B98EB39B}"
EndProject
Project("{FAE04EC0-301F-11D3-BF4B-00C04F79EFBC}") = "ThreadedComments.WebApi", "src\ThreadedComments.WebApi\ThreadedComments.WebApi.csproj", "{66EEE6E0-452D-4C19-A44E-B2B7432C4728}"
EndProject
Project("{FAE04EC0-301F-11D3-BF4B-00C04F79EFBC}") = "ThreadedComments.Domain", "src\ThreadedComments.Domain\ThreadedComments.Domain.csproj", "{DF79C966-3897-404A-8335-A1E08F2E7AB6}"
EndProject
Project("{FAE04EC0-301F-11D3-BF4B-00C04F79EFBC}") = "ThreadedComments.Application", "src\ThreadedComments.Application\ThreadedComments.Application.csproj", "{3989FA0C-B1F4-4E36-BE27-26655893AE7F}"
EndProject
Project("{FAE04EC0-301F-11D3-BF4B-00C04F79EFBC}") = "ThreadedComments.Infrastructure", "src\ThreadedComments.Infrastructure\ThreadedComments.Infrastructure.csproj", "{6386D3EB-34BF-4AD0-81FC-49478F139F8A}"
EndProject
Global
	GlobalSection(SolutionConfigurationPlatforms) = preSolution
		Debug|Any CPU = Debug|Any CPU
		Debug|x64 = Debug|x64
		Debug|x86 = Debug|x86
		Release|Any CPU = Release|Any CPU
		Release|x64 = Release|x64
		Release|x86 = Release|x86
	EndGlobalSection
	GlobalSection(ProjectConfigurationPlatforms) = postSolution
		{66EEE6E0-452D-4C19-A44E-B2B7432C4728}.Debug|Any CPU.ActiveCfg = Debug|Any CPU
		{66EEE6E0-452D-4C19-A44E-B2B7432C4728}.Debug|Any CPU.Build.0 = Debug|Any CPU
		{66EEE6E0-452D-4C19-A44E-B2B7432C4728}.Debug|x64.ActiveCfg = Debug|Any CPU
		{66EEE6E0-452D-4C19-A44E-B2B7432C4728}.Debug|x64.Build.0 = Debug|Any CPU
		{66EEE6E0-452D-4C19-A44E-B2B7432C4728}.Debug|x86.ActiveCfg = Debug|Any CPU
		{66EEE6E0-452D-4C19-A44E-B2B7432C4728}.Debug|x86.Build.0 = Debug|Any CPU
		{66EEE6E0-452D-4C19-A44E-B2B7432C4728}.Release|Any CPU.ActiveCfg = Release|Any CPU
		{66EEE6E0-452D-4C19-A44E-B2B7432C4728}.Release|Any CPU.Build.0 = Release|Any CPU
		{66EEE6E0-452D-4C19-A44E-B2B7432C4728}.Release|x64.ActiveCfg = Release|Any CPU
		{66EEE6E0-452D-4C19-A44E-B2B7432C4728}.Release|x64.Build.0 = Release|Any CPU
		{66EEE6E0-452D-4C19-A44E-B2B7432C4728}.Release|x86.ActiveCfg = Release|Any CPU
		{66EEE6E0-452D-4C19-A44E-B2B7432C4728}.Release|x86.Build.0 = Release|Any CPU
		{DF79C966-3897-404A-8335-A1E08F2E7AB6}.Debug|Any CPU.ActiveCfg = Debug|Any CPU
		{DF79C966-3897-404A-8335-A1E08F2E7AB6}.Debug|Any CPU.Build.0 = Debug|Any CPU
		{DF79C966-3897-404A-8335-A1E08F2E7AB6}.Debug|x64.ActiveCfg = Debug|Any CPU
		{DF79C966-3897-404A-8335-A1E08F2E7AB6}.Debug|x64.Build.0 = Debug|Any CPU
		{DF79C966-3897-404A-8335-A1E08F2E7AB6}.Debug|x86.ActiveCfg = Debug|Any CPU
		{DF79C966-3897-404A-8335-A1E08F2E7AB6}.Debug|x86.Build.0 = Debug|Any CPU
		{DF79C966-3897-404A-8335-A1E08F2E7AB6}.Release|Any CPU.ActiveCfg = Release|Any CPU
		{DF79C966-3897-404A-8335-A1E08F2E7AB6}.Release|Any CPU.Build.0 = Release|Any CPU
		{DF79C966-3897-404A-8335-A1E08F2E7AB6}.Release|x64.ActiveCfg = Release|Any CPU
		{DF79C966-3897-404A-8335-A1E08F2E7AB6}.Release|x64.Build.0 = Release|Any CPU
		{DF79C966-3897-404A-8335-A1E08F2E7AB6}.Release|x86.ActiveCfg = Release|Any CPU
		{DF79C966-3897-404A-8335-A1E08F2E7AB6}.Release|x86.Build.0 = Release|Any CPU
		{3989FA0C-B1F4-4E36-BE27-26655893AE7F}.Debug|Any CPU.ActiveCfg = Debug|Any CPU
		{3989FA0C-B1F4-4E36-BE27-26655893AE7F}.Debug|Any CPU.Build.0 = Debug|Any CPU
		{3989FA0C-B1F4-4E36-BE27-26655893AE7F}.Debug|x64.ActiveCfg = Debug|Any CPU
		{3989FA0C-B1F4-4E36-BE27-26655893AE7F}.Debug|x64.Build.0 = Debug|Any CPU
		{3989FA0C-B1F4-4E36-BE27-26655893AE7F}.Debug|x86.ActiveCfg = Debug|Any CPU
		{3989FA0C-B1F4-4E36-BE27-26655893AE7F}.Debug|x86.Build.0 = Debug|Any CPU
		{3989FA0C-B1F4-4E36-BE27-26655893AE7F}.Release|Any CPU.ActiveCfg = Release|Any CPU
		{3989FA0C-B1F4-4E36-BE27-26655893AE7F}.Release|Any CPU.Build.0 = Release|Any CPU
		{3989FA0C-B1F4-4E36-BE27-26655893AE7F}.Release|x64.ActiveCfg = Release|Any CPU
		{3989FA0C-B1F4-4E36-BE27-26655893AE7F}.Release|x64.Build.0 = Release|Any CPU
		{3989FA0C-B1F4-4E36-BE27-26655893AE7F}.Release|x86.ActiveCfg = Release|Any CPU
		{3989FA0C-B1F4-4E36-BE27-26655893AE7F}.Release|x86.Build.0 = Release|Any CPU
		{6386D3EB-34BF-4AD0-81FC-49478F139F8A}.Debug|Any CPU.ActiveCfg = Debug|Any CPU
		{6386D3EB-34BF-4AD0-81FC-49478F139F8A}.Debug|Any CPU.Build.0 = Debug|Any CPU
		{6386D3EB-34BF-4AD0-81FC-49478F139F8A}.Debug|x64.ActiveCfg = Debug|Any CPU
		{6386D3EB-34BF-4AD0-81FC-49478F139F8A}.Debug|x64.Build.0 = Debug|Any CPU
		{6386D3EB-34BF-4AD0-81FC-49478F139F8A}.Debug|x86.ActiveCfg = Debug|Any CPU
		{6386D3EB-34BF-4AD0-81FC-49478F139F8A}.Debug|x86.Build.0 = Debug|Any CPU
		{6386D3EB-34BF-4AD0-81FC-49478F139F8A}.Release|Any CPU.ActiveCfg = Release|Any CPU
		{6386D3EB-34BF-4AD0-81FC-49478F139F8A}.Release|Any CPU.Build.0 = Release|Any CPU
		{6386D3EB-34BF-4AD0-81FC-49478F139F8A}.Release|x64.ActiveCfg = Release|Any CPU
		{6386D3EB-34BF-4AD0-81FC-49478F139F8A}.Release|x64.Build.0 = Release|Any CPU
		{6386D3EB-34BF-4AD0-81FC-49478F139F8A}.Release|x86.ActiveCfg = Release|Any CPU
		{6386D3EB-34BF-4AD0-81FC-49478F139F8A}.Release|x86.Build.0 = Release|Any CPU
	EndGlobalSection
	GlobalSection(SolutionProperties) = preSolution
		HideSolutionNode = FALSE
	EndGlobalSection
	GlobalSection(NestedProjects) = preSolution
		{66EEE6E0-452D-4C19-A44E-B2B7432C4728} = {827E0CD3-B72D-47B6-A68D-7590B98EB39B}
		{DF79C966-3897-404A-8335-A1E08F2E7AB6} = {827E0CD3-B72D-47B6-A68D-7590B98EB39B}
		{3989FA0C-B1F4-4E36-BE27-26655893AE7F} = {827E0CD3-B72D-47B6-A68D-7590B98EB39B}
		{6386D3EB-34BF-4AD0-81FC-49478F139F8A} = {827E0CD3-B72D-47B6-A68D-7590B98EB39B}
	EndGlobalSection
EndGlobal
